
Microsoft Visual Studio Solution File, Format Version 12.00
# Visual Studio Version 17
VisualStudioVersion = 17.4.33122.133
MinimumVisualStudioVersion = 10.0.40219.1
Project("{FAE04EC0-301F-11D3-BF4B-00C04F79EFBC}") = "BlazorApiClient", "BlazorApiClient\BlazorApiClient.csproj", "{BDFCC0E3-245B-40BC-A5CA-99DCDB9FB0D1}"
EndProject
Global
	GlobalSection(SolutionConfigurationPlatforms) = preSolution
		Debug|Any CPU = Debug|Any CPU
		Release|Any CPU = Release|Any CPU
	EndGlobalSection
	GlobalSection(ProjectConfigurationPlatforms) = postSolution
		{BDFCC0E3-245B-40BC-A5CA-99DCDB9FB0D1}.Debug|Any CPU.ActiveCfg = Debug|Any CPU
		{BDFCC0E3-245B-40BC-A5CA-99DCDB9FB0D1}.Debug|Any CPU.Build.0 = Debug|Any CPU
		{BDFCC0E3-245B-40BC-A5CA-99DCDB9FB0D1}.Release|Any CPU.ActiveCfg = Release|Any CPU
		{BDFCC0E3-245B-40BC-A5CA-99DCDB9FB0D1}.Release|Any CPU.Build.0 = Release|Any CPU
	EndGlobalSection
	GlobalSection(SolutionProperties) = preSolution
		HideSolutionNode = FALSE
	EndGlobalSection
	GlobalSection(ExtensibilityGlobals) = postSolution
		SolutionGuid = {45DB6193-3608-410B-A329-1D70BBD261BF}
	EndGlobalSection
EndGlobal
